
Microsoft Visual Studio Solution File, Format Version 12.00
# Visual Studio Version 16
VisualStudioVersion = 16.0.32510.428
MinimumVisualStudioVersion = 10.0.40219.1
Project("{FAE04EC0-301F-11D3-BF4B-00C04F79EFBC}") = "HospitalManagementSystem", "HospitalManagementSystem.csproj", "{D2CB14A8-CE96-421D-B99C-08133B47F3F1}"
EndProject
Project("{FAE04EC0-301F-11D3-BF4B-00C04F79EFBC}") = "MsUnitTest", "..\MsUnitTest\MsUnitTest.csproj", "{028FE09F-DCFD-444F-B928-FE753D041119}"
EndProject
Global
	GlobalSection(SolutionConfigurationPlatforms) = preSolution
		Debug|Any CPU = Debug|Any CPU
		Release|Any CPU = Release|Any CPU
	EndGlobalSection
	GlobalSection(ProjectConfigurationPlatforms) = postSolution
		{D2CB14A8-CE96-421D-B99C-08133B47F3F1}.Debug|Any CPU.ActiveCfg = Debug|Any CPU
		{D2CB14A8-CE96-421D-B99C-08133B47F3F1}.Debug|Any CPU.Build.0 = Debug|Any CPU
		{D2CB14A8-CE96-421D-B99C-08133B47F3F1}.Release|Any CPU.ActiveCfg = Release|Any CPU
		{D2CB14A8-CE96-421D-B99C-08133B47F3F1}.Release|Any CPU.Build.0 = Release|Any CPU
		{028FE09F-DCFD-444F-B928-FE753D041119}.Debug|Any CPU.ActiveCfg = Debug|Any CPU
		{028FE09F-DCFD-444F-B928-FE753D041119}.Debug|Any CPU.Build.0 = Debug|Any CPU
		{028FE09F-DCFD-444F-B928-FE753D041119}.Release|Any CPU.ActiveCfg = Release|Any CPU
		{028FE09F-DCFD-444F-B928-FE753D041119}.Release|Any CPU.Build.0 = Release|Any CPU
	EndGlobalSection
	GlobalSection(SolutionProperties) = preSolution
		HideSolutionNode = FALSE
	EndGlobalSection
	GlobalSection(ExtensibilityGlobals) = postSolution
		SolutionGuid = {E85A4024-ED62-49B5-912F-88B33641EF92}
	EndGlobalSection
EndGlobal
